
Microsoft Visual Studio Solution File, Format Version 12.00
# Visual Studio Version 17
VisualStudioVersion = 17.0.31903.59
MinimumVisualStudioVersion = 10.0.40219.1
Project("{FAE04EC0-301F-11D3-BF4B-00C04F79EFBC}") = "DocumentAssemblerSdk", "DocumentAssemblerSdk\DocumentAssemblerSdk.csproj", "{13962DE4-6035-49A4-82BD-56926EB98A5A}"
EndProject
Project("{FAE04EC0-301F-11D3-BF4B-00C04F79EFBC}") = "DocumentAssemblerSdk.Tests", "DocumentAssemblerSdk.Tests\DocumentAssemblerSdk.Tests.csproj", "{AFC73D99-501C-4FA4-B647-BDBC660A4048}"
EndProject
Project("{2150E333-8FDC-42A3-9474-1A3956D46DE8}") = "DocumentAssemblerSdk.Examples", "DocumentAssemblerSdk.Examples", "{5740778B-CE1D-4761-A24E-08F57FC2E2B7}"
EndProject
Project("{FAE04EC0-301F-11D3-BF4B-00C04F79EFBC}") = "Example01_Basic", "DocumentAssemblerSdk.Examples\Example01_Basic\Example01_Basic.csproj", "{493A1309-A648-4DC7-9493-20F26AD039C2}"
EndProject
Project("{FAE04EC0-301F-11D3-BF4B-00C04F79EFBC}") = "Example02_Intermediate", "DocumentAssemblerSdk.Examples\Example02_Intermediate\Example02_Intermediate.csproj", "{47A30E0D-F518-4A13-8BE6-4B49C12CD0FC}"
EndProject
Project("{FAE04EC0-301F-11D3-BF4B-00C04F79EFBC}") = "Example03_Advanced", "DocumentAssemblerSdk.Examples\Example03_Advanced\Example03_Advanced.csproj", "{01D90048-656B-4A99-80A9-AB66F101A51F}"
EndProject
Project("{FAE04EC0-301F-11D3-BF4B-00C04F79EFBC}") = "Example04_Images", "DocumentAssemblerSdk.Examples\Example04_Images\Example04_Images.csproj", "{21218C74-EF98-4F3A-8090-C28DC6B036DC}"
EndProject
Project("{FAE04EC0-301F-11D3-BF4B-00C04F79EFBC}") = "Example05_ConditionalElse", "DocumentAssemblerSdk.Examples\Example05_ConditionalElse\Example05_ConditionalElse.csproj", "{2A886C74-1A80-4DEF-B25A-6EA34FB73A84}"
EndProject
Project("{FAE04EC0-301F-11D3-BF4B-00C04F79EFBC}") = "Example06_SchemaExtraction", "DocumentAssemblerSdk.Examples\Example06_SchemaExtraction\Example06_SchemaExtraction.csproj", "{5DECBB82-A915-435D-B918-3E25F9F23392}"
EndProject
Project("{FAE04EC0-301F-11D3-BF4B-00C04F79EFBC}") = "Example07_ComplexSchemaExtraction", "DocumentAssemblerSdk.Examples\Example07_ComplexSchemaExtraction\Example07_ComplexSchemaExtraction.csproj", "{8556B179-12B4-49C5-9A2D-247C56E53422}"
EndProject
Project("{FAE04EC0-301F-11D3-BF4B-00C04F79EFBC}") = "PerfMeasurementTool", "PerfMeasurementTool\PerfMeasurementTool.csproj", "{F69D4BC4-4B15-4D42-92B5-ACE297E7B27B}"
EndProject
Global
	GlobalSection(SolutionConfigurationPlatforms) = preSolution
		Debug|Any CPU = Debug|Any CPU
		Release|Any CPU = Release|Any CPU
	EndGlobalSection
	GlobalSection(SolutionProperties) = preSolution
		HideSolutionNode = FALSE
	EndGlobalSection
	GlobalSection(ProjectConfigurationPlatforms) = postSolution
		{13962DE4-6035-49A4-82BD-56926EB98A5A}.Debug|Any CPU.ActiveCfg = Debug|Any CPU
		{13962DE4-6035-49A4-82BD-56926EB98A5A}.Debug|Any CPU.Build.0 = Debug|Any CPU
		{13962DE4-6035-49A4-82BD-56926EB98A5A}.Release|Any CPU.ActiveCfg = Release|Any CPU
		{13962DE4-6035-49A4-82BD-56926EB98A5A}.Release|Any CPU.Build.0 = Release|Any CPU
		{AFC73D99-501C-4FA4-B647-BDBC660A4048}.Debug|Any CPU.ActiveCfg = Debug|Any CPU
		{AFC73D99-501C-4FA4-B647-BDBC660A4048}.Debug|Any CPU.Build.0 = Debug|Any CPU
		{AFC73D99-501C-4FA4-B647-BDBC660A4048}.Release|Any CPU.ActiveCfg = Release|Any CPU
		{AFC73D99-501C-4FA4-B647-BDBC660A4048}.Release|Any CPU.Build.0 = Release|Any CPU
		{493A1309-A648-4DC7-9493-20F26AD039C2}.Debug|Any CPU.ActiveCfg = Debug|Any CPU
		{493A1309-A648-4DC7-9493-20F26AD039C2}.Debug|Any CPU.Build.0 = Debug|Any CPU
		{493A1309-A648-4DC7-9493-20F26AD039C2}.Release|Any CPU.ActiveCfg = Release|Any CPU
		{493A1309-A648-4DC7-9493-20F26AD039C2}.Release|Any CPU.Build.0 = Release|Any CPU
		{47A30E0D-F518-4A13-8BE6-4B49C12CD0FC}.Debug|Any CPU.ActiveCfg = Debug|Any CPU
		{47A30E0D-F518-4A13-8BE6-4B49C12CD0FC}.Debug|Any CPU.Build.0 = Debug|Any CPU
		{47A30E0D-F518-4A13-8BE6-4B49C12CD0FC}.Release|Any CPU.ActiveCfg = Release|Any CPU
		{47A30E0D-F518-4A13-8BE6-4B49C12CD0FC}.Release|Any CPU.Build.0 = Release|Any CPU
		{01D90048-656B-4A99-80A9-AB66F101A51F}.Debug|Any CPU.ActiveCfg = Debug|Any CPU
		{01D90048-656B-4A99-80A9-AB66F101A51F}.Debug|Any CPU.Build.0 = Debug|Any CPU
		{01D90048-656B-4A99-80A9-AB66F101A51F}.Release|Any CPU.ActiveCfg = Release|Any CPU
		{01D90048-656B-4A99-80A9-AB66F101A51F}.Release|Any CPU.Build.0 = Release|Any CPU
		{21218C74-EF98-4F3A-8090-C28DC6B036DC}.Debug|Any CPU.ActiveCfg = Debug|Any CPU
		{21218C74-EF98-4F3A-8090-C28DC6B036DC}.Debug|Any CPU.Build.0 = Debug|Any CPU
		{21218C74-EF98-4F3A-8090-C28DC6B036DC}.Release|Any CPU.ActiveCfg = Release|Any CPU
		{21218C74-EF98-4F3A-8090-C28DC6B036DC}.Release|Any CPU.Build.0 = Release|Any CPU
		{2A886C74-1A80-4DEF-B25A-6EA34FB73A84}.Debug|Any CPU.ActiveCfg = Debug|Any CPU
		{2A886C74-1A80-4DEF-B25A-6EA34FB73A84}.Debug|Any CPU.Build.0 = Debug|Any CPU
		{2A886C74-1A80-4DEF-B25A-6EA34FB73A84}.Release|Any CPU.ActiveCfg = Release|Any CPU
		{2A886C74-1A80-4DEF-B25A-6EA34FB73A84}.Release|Any CPU.Build.0 = Release|Any CPU
		{5DECBB82-A915-435D-B918-3E25F9F23392}.Debug|Any CPU.ActiveCfg = Debug|Any CPU
		{5DECBB82-A915-435D-B918-3E25F9F23392}.Debug|Any CPU.Build.0 = Debug|Any CPU
		{5DECBB82-A915-435D-B918-3E25F9F23392}.Release|Any CPU.ActiveCfg = Release|Any CPU
		{5DECBB82-A915-435D-B918-3E25F9F23392}.Release|Any CPU.Build.0 = Release|Any CPU
		{8556B179-12B4-49C5-9A2D-247C56E53422}.Debug|Any CPU.ActiveCfg = Debug|Any CPU
		{8556B179-12B4-49C5-9A2D-247C56E53422}.Debug|Any CPU.Build.0 = Debug|Any CPU
		{8556B179-12B4-49C5-9A2D-247C56E53422}.Release|Any CPU.ActiveCfg = Release|Any CPU
		{8556B179-12B4-49C5-9A2D-247C56E53422}.Release|Any CPU.Build.0 = Release|Any CPU
		{F69D4BC4-4B15-4D42-92B5-ACE297E7B27B}.Debug|Any CPU.ActiveCfg = Debug|Any CPU
		{F69D4BC4-4B15-4D42-92B5-ACE297E7B27B}.Debug|Any CPU.Build.0 = Debug|Any CPU
		{F69D4BC4-4B15-4D42-92B5-ACE297E7B27B}.Release|Any CPU.ActiveCfg = Release|Any CPU
		{F69D4BC4-4B15-4D42-92B5-ACE297E7B27B}.Release|Any CPU.Build.0 = Release|Any CPU
	EndGlobalSection
	GlobalSection(NestedProjects) = preSolution
		{493A1309-A648-4DC7-9493-20F26AD039C2} = {5740778B-CE1D-4761-A24E-08F57FC2E2B7}
		{47A30E0D-F518-4A13-8BE6-4B49C12CD0FC} = {5740778B-CE1D-4761-A24E-08F57FC2E2B7}
		{01D90048-656B-4A99-80A9-AB66F101A51F} = {5740778B-CE1D-4761-A24E-08F57FC2E2B7}
		{21218C74-EF98-4F3A-8090-C28DC6B036DC} = {5740778B-CE1D-4761-A24E-08F57FC2E2B7}
		{2A886C74-1A80-4DEF-B25A-6EA34FB73A84} = {5740778B-CE1D-4761-A24E-08F57FC2E2B7}
		{5DECBB82-A915-435D-B918-3E25F9F23392} = {5740778B-CE1D-4761-A24E-08F57FC2E2B7}
		{8556B179-12B4-49C5-9A2D-247C56E53422} = {5740778B-CE1D-4761-A24E-08F57FC2E2B7}
	EndGlobalSection
EndGlobal
